
Microsoft Visual Studio Solution File, Format Version 12.00
# Visual Studio Version 16
VisualStudioVersion = 16.0.31019.35
MinimumVisualStudioVersion = 10.0.40219.1
Project("{2150E333-8FDC-42A3-9474-1A3956D46DE8}") = "src", "src", "{A65D0812-DC4E-4085-BD99-A93AB2771280}"
EndProject
Project("{2150E333-8FDC-42A3-9474-1A3956D46DE8}") = "Services", "Services", "{AE654AFB-C771-474B-B93C-E66E7AEF5211}"
EndProject
Project("{2150E333-8FDC-42A3-9474-1A3956D46DE8}") = "Invoice", "Invoice", "{F2286A71-AAAC-4BB1-B2CD-7219FBC0DD93}"
EndProject
Project("{2150E333-8FDC-42A3-9474-1A3956D46DE8}") = "tests", "tests", "{F2DCF5F5-ECA7-423F-84EE-C0C511792B21}"
EndProject
Project("{9A19103F-16F7-4668-BE54-9A1E7A4F7556}") = "Invoice.API", "src\Services\Invoice\Invoice.API\Invoice.API.csproj", "{50893764-0F6B-4212-A776-DF117E6B637C}"
EndProject
Project("{9A19103F-16F7-4668-BE54-9A1E7A4F7556}") = "Invoice.Application", "src\Services\Invoice\Invoice.Application\Invoice.Application.csproj", "{51E903AD-A584-4D9F-98AB-C3C0CD20C61A}"
EndProject
Project("{9A19103F-16F7-4668-BE54-9A1E7A4F7556}") = "Invoice.Core", "src\Services\Invoice\Invoice.Domain\Invoice.Core.csproj", "{B76B45F1-0B4E-4D74-8923-CDBF0096B43D}"
EndProject
Project("{9A19103F-16F7-4668-BE54-9A1E7A4F7556}") = "Invoice.Infrastructure", "src\Services\Invoice\Invoice.Infrastructure\Invoice.Infrastructure.csproj", "{B1118C4E-8452-4D88-AE44-92516A503184}"
EndProject
Project("{9A19103F-16F7-4668-BE54-9A1E7A4F7556}") = "Invoice.UnitTests", "src\Services\Invoice\tests\Invoice.UnitTests\Invoice.UnitTests.csproj", "{BAC5CD40-BD24-4CFC-89CE-2653CF60DBC7}"
EndProject
Project("{9A19103F-16F7-4668-BE54-9A1E7A4F7556}") = "Invoice.FunctionalTests", "src\Services\Invoice\tests\Invoice.FunctionalTests\Invoice.FunctionalTests.csproj", "{2A0A7B6E-8D80-4E11-AE2A-69F75DC08D81}"
EndProject
Project("{2150E333-8FDC-42A3-9474-1A3956D46DE8}") = "tests", "tests", "{94063462-06E8-4F72-AA79-30CCD8897BE4}"
EndProject
Project("{2150E333-8FDC-42A3-9474-1A3956D46DE8}") = "ServiceTests", "ServiceTests", "{2777586C-147F-4753-A774-88C942FE1AD1}"
EndProject
Project("{9A19103F-16F7-4668-BE54-9A1E7A4F7556}") = "Application.FunctionalTests", "tests\ServiceTests\Application.FunctionalTests\Application.FunctionalTests.csproj", "{DBAA0773-A1BA-4C51-96B3-D13BE33A0594}"
EndProject
Project("{2150E333-8FDC-42A3-9474-1A3956D46DE8}") = "WebApps", "WebApps", "{5C1557EE-0B13-4C1E-B50D-9788FFA5A55E}"
EndProject
Project("{9A19103F-16F7-4668-BE54-9A1E7A4F7556}") = "GoLogicCore.SPA", "src\WebApps\GoLogicCore.SPA\GoLogicCore.SPA.csproj", "{121C5A52-40F4-4D47-AF20-788387BA5D57}"
EndProject
Project("{9A19103F-16F7-4668-BE54-9A1E7A4F7556}") = "GoLogicInvoice.SPA", "src\WebApps\GoLogicInvoice.SPA\GoLogicInvoice.SPA.csproj", "{0575E7AE-6AAC-4DA7-BCA6-110AF8B82389}"
EndProject
Project("{2150E333-8FDC-42A3-9474-1A3956D46DE8}") = "XeroConnection", "XeroConnection", "{12AD85E4-CFCB-454A-A612-3CD1877EA12F}"
EndProject
Project("{2150E333-8FDC-42A3-9474-1A3956D46DE8}") = "tests", "tests", "{98E1580E-53E3-4DC7-8626-F5C1E6FA7E16}"
EndProject
Project("{9A19103F-16F7-4668-BE54-9A1E7A4F7556}") = "XeroConnection.API", "src\Services\XeroConnection\XeroConnection.API\XeroConnection.API.csproj", "{644D5633-BFC9-4BC9-8A7D-CD26C921F507}"
EndProject
Project("{9A19103F-16F7-4668-BE54-9A1E7A4F7556}") = "XeroConnection.Core", "src\Services\XeroConnection\XeroConnection.Domain\XeroConnection.Core.csproj", "{62F3FC73-7EC0-4316-979B-18E62617ADCC}"
EndProject
Project("{9A19103F-16F7-4668-BE54-9A1E7A4F7556}") = "XeroConnection.Application", "src\Services\XeroConnection\XeroConnection.Application\XeroConnection.Application.csproj", "{78E0789D-DB41-4320-93F6-D11D61FE08B2}"
EndProject
Project("{9A19103F-16F7-4668-BE54-9A1E7A4F7556}") = "XeroConnection.Infrastructure", "src\Services\XeroConnection\XeroConnection.Infrastructure\XeroConnection.Infrastructure.csproj", "{1B303B58-C003-4708-9216-1137A7D43FF8}"
EndProject
Project("{2150E333-8FDC-42A3-9474-1A3956D46DE8}") = "Shared", "Shared", "{FA3525FE-6FD4-4CFD-AF03-21C714458B1B}"
EndProject
Project("{9A19103F-16F7-4668-BE54-9A1E7A4F7556}") = "Shared.Application", "src\Shared\Shared.Application\Shared.Application.csproj", "{3CCBB3CF-BBF0-4AEE-9395-20CCEACE4913}"
EndProject
Project("{9A19103F-16F7-4668-BE54-9A1E7A4F7556}") = "Shared.Domain", "src\Shared\Shared.Domain\Shared.Domain.csproj", "{CB2C9075-7AEC-44CE-9713-A91D25B35863}"
EndProject
Project("{9A19103F-16F7-4668-BE54-9A1E7A4F7556}") = "Shared.Infrastructure", "src\Shared\Shared.Infrastructure\Shared.Infrastructure.csproj", "{8B9656AA-BE97-4EBB-BE0C-85AD1AF1324F}"
EndProject
Global
	GlobalSection(SolutionConfigurationPlatforms) = preSolution
		Debug|Any CPU = Debug|Any CPU
		Release|Any CPU = Release|Any CPU
	EndGlobalSection
	GlobalSection(ProjectConfigurationPlatforms) = postSolution
		{50893764-0F6B-4212-A776-DF117E6B637C}.Debug|Any CPU.ActiveCfg = Debug|Any CPU
		{50893764-0F6B-4212-A776-DF117E6B637C}.Debug|Any CPU.Build.0 = Debug|Any CPU
		{50893764-0F6B-4212-A776-DF117E6B637C}.Release|Any CPU.ActiveCfg = Release|Any CPU
		{50893764-0F6B-4212-A776-DF117E6B637C}.Release|Any CPU.Build.0 = Release|Any CPU
		{51E903AD-A584-4D9F-98AB-C3C0CD20C61A}.Debug|Any CPU.ActiveCfg = Debug|Any CPU
		{51E903AD-A584-4D9F-98AB-C3C0CD20C61A}.Debug|Any CPU.Build.0 = Debug|Any CPU
		{51E903AD-A584-4D9F-98AB-C3C0CD20C61A}.Release|Any CPU.ActiveCfg = Release|Any CPU
		{51E903AD-A584-4D9F-98AB-C3C0CD20C61A}.Release|Any CPU.Build.0 = Release|Any CPU
		{B76B45F1-0B4E-4D74-8923-CDBF0096B43D}.Debug|Any CPU.ActiveCfg = Debug|Any CPU
		{B76B45F1-0B4E-4D74-8923-CDBF0096B43D}.Debug|Any CPU.Build.0 = Debug|Any CPU
		{B76B45F1-0B4E-4D74-8923-CDBF0096B43D}.Release|Any CPU.ActiveCfg = Release|Any CPU
		{B76B45F1-0B4E-4D74-8923-CDBF0096B43D}.Release|Any CPU.Build.0 = Release|Any CPU
		{B1118C4E-8452-4D88-AE44-92516A503184}.Debug|Any CPU.ActiveCfg = Debug|Any CPU
		{B1118C4E-8452-4D88-AE44-92516A503184}.Debug|Any CPU.Build.0 = Debug|Any CPU
		{B1118C4E-8452-4D88-AE44-92516A503184}.Release|Any CPU.ActiveCfg = Release|Any CPU
		{B1118C4E-8452-4D88-AE44-92516A503184}.Release|Any CPU.Build.0 = Release|Any CPU
		{BAC5CD40-BD24-4CFC-89CE-2653CF60DBC7}.Debug|Any CPU.ActiveCfg = Debug|Any CPU
		{BAC5CD40-BD24-4CFC-89CE-2653CF60DBC7}.Debug|Any CPU.Build.0 = Debug|Any CPU
		{BAC5CD40-BD24-4CFC-89CE-2653CF60DBC7}.Release|Any CPU.ActiveCfg = Release|Any CPU
		{BAC5CD40-BD24-4CFC-89CE-2653CF60DBC7}.Release|Any CPU.Build.0 = Release|Any CPU
		{2A0A7B6E-8D80-4E11-AE2A-69F75DC08D81}.Debug|Any CPU.ActiveCfg = Debug|Any CPU
		{2A0A7B6E-8D80-4E11-AE2A-69F75DC08D81}.Debug|Any CPU.Build.0 = Debug|Any CPU
		{2A0A7B6E-8D80-4E11-AE2A-69F75DC08D81}.Release|Any CPU.ActiveCfg = Release|Any CPU
		{2A0A7B6E-8D80-4E11-AE2A-69F75DC08D81}.Release|Any CPU.Build.0 = Release|Any CPU
		{DBAA0773-A1BA-4C51-96B3-D13BE33A0594}.Debug|Any CPU.ActiveCfg = Debug|Any CPU
		{DBAA0773-A1BA-4C51-96B3-D13BE33A0594}.Debug|Any CPU.Build.0 = Debug|Any CPU
		{DBAA0773-A1BA-4C51-96B3-D13BE33A0594}.Release|Any CPU.ActiveCfg = Release|Any CPU
		{DBAA0773-A1BA-4C51-96B3-D13BE33A0594}.Release|Any CPU.Build.0 = Release|Any CPU
		{121C5A52-40F4-4D47-AF20-788387BA5D57}.Debug|Any CPU.ActiveCfg = Debug|Any CPU
		{121C5A52-40F4-4D47-AF20-788387BA5D57}.Debug|Any CPU.Build.0 = Debug|Any CPU
		{121C5A52-40F4-4D47-AF20-788387BA5D57}.Release|Any CPU.ActiveCfg = Release|Any CPU
		{121C5A52-40F4-4D47-AF20-788387BA5D57}.Release|Any CPU.Build.0 = Release|Any CPU
		{0575E7AE-6AAC-4DA7-BCA6-110AF8B82389}.Debug|Any CPU.ActiveCfg = Debug|Any CPU
		{0575E7AE-6AAC-4DA7-BCA6-110AF8B82389}.Debug|Any CPU.Build.0 = Debug|Any CPU
		{0575E7AE-6AAC-4DA7-BCA6-110AF8B82389}.Release|Any CPU.ActiveCfg = Release|Any CPU
		{0575E7AE-6AAC-4DA7-BCA6-110AF8B82389}.Release|Any CPU.Build.0 = Release|Any CPU
		{644D5633-BFC9-4BC9-8A7D-CD26C921F507}.Debug|Any CPU.ActiveCfg = Debug|Any CPU
		{644D5633-BFC9-4BC9-8A7D-CD26C921F507}.Debug|Any CPU.Build.0 = Debug|Any CPU
		{644D5633-BFC9-4BC9-8A7D-CD26C921F507}.Release|Any CPU.ActiveCfg = Release|Any CPU
		{644D5633-BFC9-4BC9-8A7D-CD26C921F507}.Release|Any CPU.Build.0 = Release|Any CPU
		{62F3FC73-7EC0-4316-979B-18E62617ADCC}.Debug|Any CPU.ActiveCfg = Debug|Any CPU
		{62F3FC73-7EC0-4316-979B-18E62617ADCC}.Debug|Any CPU.Build.0 = Debug|Any CPU
		{62F3FC73-7EC0-4316-979B-18E62617ADCC}.Release|Any CPU.ActiveCfg = Release|Any CPU
		{62F3FC73-7EC0-4316-979B-18E62617ADCC}.Release|Any CPU.Build.0 = Release|Any CPU
		{78E0789D-DB41-4320-93F6-D11D61FE08B2}.Debug|Any CPU.ActiveCfg = Debug|Any CPU
		{78E0789D-DB41-4320-93F6-D11D61FE08B2}.Debug|Any CPU.Build.0 = Debug|Any CPU
		{78E0789D-DB41-4320-93F6-D11D61FE08B2}.Release|Any CPU.ActiveCfg = Release|Any CPU
		{78E0789D-DB41-4320-93F6-D11D61FE08B2}.Release|Any CPU.Build.0 = Release|Any CPU
		{1B303B58-C003-4708-9216-1137A7D43FF8}.Debug|Any CPU.ActiveCfg = Debug|Any CPU
		{1B303B58-C003-4708-9216-1137A7D43FF8}.Debug|Any CPU.Build.0 = Debug|Any CPU
		{1B303B58-C003-4708-9216-1137A7D43FF8}.Release|Any CPU.ActiveCfg = Release|Any CPU
		{1B303B58-C003-4708-9216-1137A7D43FF8}.Release|Any CPU.Build.0 = Release|Any CPU
		{3CCBB3CF-BBF0-4AEE-9395-20CCEACE4913}.Debug|Any CPU.ActiveCfg = Debug|Any CPU
		{3CCBB3CF-BBF0-4AEE-9395-20CCEACE4913}.Debug|Any CPU.Build.0 = Debug|Any CPU
		{3CCBB3CF-BBF0-4AEE-9395-20CCEACE4913}.Release|Any CPU.ActiveCfg = Release|Any CPU
		{3CCBB3CF-BBF0-4AEE-9395-20CCEACE4913}.Release|Any CPU.Build.0 = Release|Any CPU
		{CB2C9075-7AEC-44CE-9713-A91D25B35863}.Debug|Any CPU.ActiveCfg = Debug|Any CPU
		{CB2C9075-7AEC-44CE-9713-A91D25B35863}.Debug|Any CPU.Build.0 = Debug|Any CPU
		{CB2C9075-7AEC-44CE-9713-A91D25B35863}.Release|Any CPU.ActiveCfg = Release|Any CPU
		{CB2C9075-7AEC-44CE-9713-A91D25B35863}.Release|Any CPU.Build.0 = Release|Any CPU
		{8B9656AA-BE97-4EBB-BE0C-85AD1AF1324F}.Debug|Any CPU.ActiveCfg = Debug|Any CPU
		{8B9656AA-BE97-4EBB-BE0C-85AD1AF1324F}.Debug|Any CPU.Build.0 = Debug|Any CPU
		{8B9656AA-BE97-4EBB-BE0C-85AD1AF1324F}.Release|Any CPU.ActiveCfg = Release|Any CPU
		{8B9656AA-BE97-4EBB-BE0C-85AD1AF1324F}.Release|Any CPU.Build.0 = Release|Any CPU
	EndGlobalSection
	GlobalSection(SolutionProperties) = preSolution
		HideSolutionNode = FALSE
	EndGlobalSection
	GlobalSection(NestedProjects) = preSolution
		{AE654AFB-C771-474B-B93C-E66E7AEF5211} = {A65D0812-DC4E-4085-BD99-A93AB2771280}
		{F2286A71-AAAC-4BB1-B2CD-7219FBC0DD93} = {AE654AFB-C771-474B-B93C-E66E7AEF5211}
		{F2DCF5F5-ECA7-423F-84EE-C0C511792B21} = {F2286A71-AAAC-4BB1-B2CD-7219FBC0DD93}
		{50893764-0F6B-4212-A776-DF117E6B637C} = {F2286A71-AAAC-4BB1-B2CD-7219FBC0DD93}
		{51E903AD-A584-4D9F-98AB-C3C0CD20C61A} = {F2286A71-AAAC-4BB1-B2CD-7219FBC0DD93}
		{B76B45F1-0B4E-4D74-8923-CDBF0096B43D} = {F2286A71-AAAC-4BB1-B2CD-7219FBC0DD93}
		{B1118C4E-8452-4D88-AE44-92516A503184} = {F2286A71-AAAC-4BB1-B2CD-7219FBC0DD93}
		{BAC5CD40-BD24-4CFC-89CE-2653CF60DBC7} = {F2DCF5F5-ECA7-423F-84EE-C0C511792B21}
		{2A0A7B6E-8D80-4E11-AE2A-69F75DC08D81} = {F2DCF5F5-ECA7-423F-84EE-C0C511792B21}
		{2777586C-147F-4753-A774-88C942FE1AD1} = {94063462-06E8-4F72-AA79-30CCD8897BE4}
		{DBAA0773-A1BA-4C51-96B3-D13BE33A0594} = {2777586C-147F-4753-A774-88C942FE1AD1}
		{5C1557EE-0B13-4C1E-B50D-9788FFA5A55E} = {A65D0812-DC4E-4085-BD99-A93AB2771280}
		{121C5A52-40F4-4D47-AF20-788387BA5D57} = {5C1557EE-0B13-4C1E-B50D-9788FFA5A55E}
		{0575E7AE-6AAC-4DA7-BCA6-110AF8B82389} = {5C1557EE-0B13-4C1E-B50D-9788FFA5A55E}
		{12AD85E4-CFCB-454A-A612-3CD1877EA12F} = {AE654AFB-C771-474B-B93C-E66E7AEF5211}
		{98E1580E-53E3-4DC7-8626-F5C1E6FA7E16} = {12AD85E4-CFCB-454A-A612-3CD1877EA12F}
		{644D5633-BFC9-4BC9-8A7D-CD26C921F507} = {12AD85E4-CFCB-454A-A612-3CD1877EA12F}
		{62F3FC73-7EC0-4316-979B-18E62617ADCC} = {12AD85E4-CFCB-454A-A612-3CD1877EA12F}
		{78E0789D-DB41-4320-93F6-D11D61FE08B2} = {12AD85E4-CFCB-454A-A612-3CD1877EA12F}
		{1B303B58-C003-4708-9216-1137A7D43FF8} = {12AD85E4-CFCB-454A-A612-3CD1877EA12F}
		{FA3525FE-6FD4-4CFD-AF03-21C714458B1B} = {A65D0812-DC4E-4085-BD99-A93AB2771280}
		{3CCBB3CF-BBF0-4AEE-9395-20CCEACE4913} = {FA3525FE-6FD4-4CFD-AF03-21C714458B1B}
		{CB2C9075-7AEC-44CE-9713-A91D25B35863} = {FA3525FE-6FD4-4CFD-AF03-21C714458B1B}
		{8B9656AA-BE97-4EBB-BE0C-85AD1AF1324F} = {FA3525FE-6FD4-4CFD-AF03-21C714458B1B}
	EndGlobalSection
	GlobalSection(ExtensibilityGlobals) = postSolution
		SolutionGuid = {0EB6D022-5B9B-438E-B2AE-63E608B34E86}
	EndGlobalSection
EndGlobal
